// !$*UTF8*$!
{
	archiveVersion = 1;
	classes = {
	};
	objectVersion = 46;
	objects = {

/* Begin PBXBuildFile section */
		B2C9B8431954E4F0008C680E /* main.m in Sources */ = {isa = PBXBuildFile; fileRef = B2C9B8421954E4F0008C680E /* main.m */; };
		B2C9B8461954E4F0008C680E /* AppDelegate.m in Sources */ = {isa = PBXBuildFile; fileRef = B2C9B8451954E4F0008C680E /* AppDelegate.m */; };
		B2C9B8491954E4F0008C680E /* ViewController.m in Sources */ = {isa = PBXBuildFile; fileRef = B2C9B8481954E4F0008C680E /* ViewController.m */; };
		B2C9B84C1954E4F0008C680E /* Main.storyboard in Resources */ = {isa = PBXBuildFile; fileRef = B2C9B84A1954E4F0008C680E /* Main.storyboard */; };
		B2C9B84E1954E4F0008C680E /* Images.xcassets in Resources */ = {isa = PBXBuildFile; fileRef = B2C9B84D1954E4F0008C680E /* Images.xcassets */; };
		B2C9B85A1954E4F1008C680E /* Color_WheelTests.m in Sources */ = {isa = PBXBuildFile; fileRef = B2C9B8591954E4F1008C680E /* Color_WheelTests.m */; };
/* End PBXBuildFile section */

/* Begin PBXContainerItemProxy section */
		B2C9B8541954E4F1008C680E /* PBXContainerItemProxy */ = {
			isa = PBXContainerItemProxy;
			containerPortal = B2C9B8351954E4F0008C680E /* Project object */;
			proxyType = 1;
			remoteGlobalIDString = B2C9B83C1954E4F0008C680E;
			remoteInfo = "Color Wheel";
		};
/* End PBXContainerItemProxy section */

/* Begin PBXFileReference section */
		B2C9B83D1954E4F0008C680E /* Color Wheel.app */ = {isa = PBXFileReference; explicitFileType = wrapper.application; includeInIndex = 0; path = "Color Wheel.app"; sourceTree = BUILT_PRODUCTS_DIR; };
		B2C9B8411954E4F0008C680E /* Info.plist */ = {isa = PBXFileReference; lastKnownFileType = text.plist.xml; path = Info.plist; sourceTree = "<group>"; };
		B2C9B8421954E4F0008C680E /* main.m */ = {isa = PBXFileReference; lastKnownFileType = sourcecode.c.objc; path = main.m; sourceTree = "<group>"; };
		B2C9B8441954E4F0008C680E /* AppDelegate.h */ = {isa = PBXFileReference; lastKnownFileType = sourcecode.c.h; path = AppDelegate.h; sourceTree = "<group>"; };
		B2C9B8451954E4F0008C680E /* AppDelegate.m */ = {isa = PBXFileReference; lastKnownFileType = sourcecode.c.objc; path = AppDelegate.m; sourceTree = "<group>"; };
		B2C9B8471954E4F0008C680E /* ViewController.h */ = {isa = PBXFileReference; lastKnownFileType = sourcecode.c.h; path = ViewController.h; sourceTree = "<group>"; };
		B2C9B8481954E4F0008C680E /* ViewController.m */ = {isa = PBXFileReference; lastKnownFileType = sourcecode.c.objc; path = ViewController.m; sourceTree = "<group>"; };
		B2C9B84B1954E4F0008C680E /* Base */ = {isa = PBXFileReference; lastKnownFileType = file.storyboard; name = Base; path = Base.lproj/Main.storyboard; sourceTree = "<group>"; };
		B2C9B84D1954E4F0008C680E /* Images.xcassets */ = {isa = PBXFileReference; lastKnownFileType = folder.assetcatalog; path = Images.xcassets; sourceTree = "<group>"; };
		B2C9B8531954E4F1008C680E /* Color WheelTests.xctest */ = {isa = PBXFileReference; explicitFileType = wrapper.cfbundle; includeInIndex = 0; path = "Color WheelTests.xctest"; sourceTree = BUILT_PRODUCTS_DIR; };
		B2C9B8581954E4F1008C680E /* Info.plist */ = {isa = PBXFileReference; lastKnownFileType = text.plist.xml; path = Info.plist; sourceTree = "<group>"; };
		B2C9B8591954E4F1008C680E /* Color_WheelTests.m */ = {isa = PBXFileReference; lastKnownFileType = sourcecode.c.objc; path = Color_WheelTests.m; sourceTree = "<group>"; };
/* End PBXFileReference section */

/* Begin PBXFrameworksBuildPhase section */
		B2C9B83A1954E4F0008C680E /* Frameworks */ = {
			isa = PBXFrameworksBuildPhase;
			buildActionMask = 2147483647;
			files = (
			);
			runOnlyForDeploymentPostprocessing = 0;
		};
		B2C9B8501954E4F1008C680E /* Frameworks */ = {
			isa = PBXFrameworksBuildPhase;
			buildActionMask = 2147483647;
			files = (
			);
			runOnlyForDeploymentPostprocessing = 0;
		};
/* End PBXFrameworksBuildPhase section */

/* Begin PBXGroup section */
		B2C9B8341954E4F0008C680E = {
			isa = PBXGroup;
			children = (
				B2C9B83F1954E4F0008C680E /* Color Wheel */,
				B2C9B8561954E4F1008C680E /* Color WheelTests */,
				B2C9B83E1954E4F0008C680E /* Products */,
			);
			sourceTree = "<group>";
		};
		B2C9B83E1954E4F0008C680E /* Products */ = {
			isa = PBXGroup;
			children = (
				B2C9B83D1954E4F0008C680E /* Color Wheel.app */,
				B2C9B8531954E4F1008C680E /* Color WheelTests.xctest */,
			);
			name = Products;
			sourceTree = "<group>";
		};
		B2C9B83F1954E4F0008C680E /* Color Wheel */ = {
			isa = PBXGroup;
			children = (
				B2C9B8441954E4F0008C680E /* AppDelegate.h */,
				B2C9B8451954E4F0008C680E /* AppDelegate.m */,
				B2C9B8471954E4F0008C680E /* ViewController.h */,
				B2C9B8481954E4F0008C680E /* ViewController.m */,
				B2C9B84A1954E4F0008C680E /* Main.storyboard */,
				B2C9B84D1954E4F0008C680E /* Images.xcassets */,
				B2C9B8401954E4F0008C680E /* Supporting Files */,
			);
			path = "Color Wheel";
			sourceTree = "<group>";
		};
		B2C9B8401954E4F0008C680E /* Supporting Files */ = {
			isa = PBXGroup;
			children = (
				B2C9B8411954E4F0008C680E /* Info.plist */,
				B2C9B8421954E4F0008C680E /* main.m */,
			);
			name = "Supporting Files";
			sourceTree = "<group>";
		};
		B2C9B8561954E4F1008C680E /* Color WheelTests */ = {
			isa = PBXGroup;
			children = (
				B2C9B8591954E4F1008C680E /* Color_WheelTests.m */,
				B2C9B8571954E4F1008C680E /* Supporting Files */,
			);
			path = "Color WheelTests";
			sourceTree = "<group>";
		};
		B2C9B8571954E4F1008C680E /* Supporting Files */ = {
			isa = PBXGroup;
			children = (
				B2C9B8581954E4F1008C680E /* Info.plist */,
			);
			name = "Supporting Files";
			sourceTree = "<group>";
		};
/* End PBXGroup section */

/* Begin PBXNativeTarget section */
		B2C9B83C1954E4F0008C680E /* Color Wheel */ = {
			isa = PBXNativeTarget;
			buildConfigurationList = B2C9B85D1954E4F1008C680E /* Build configuration list for PBXNativeTarget "Color Wheel" */;
			buildPhases = (
				B2C9B8391954E4F0008C680E /* Sources */,
				B2C9B83A1954E4F0008C680E /* Frameworks */,
				B2C9B83B1954E4F0008C680E /* Resources */,
			);
			buildRules = (
			);
			dependencies = (
			);
			name = "Color Wheel";
			productName = "Color Wheel";
			productReference = B2C9B83D1954E4F0008C680E /* Color Wheel.app */;
			productType = "com.apple.product-type.application";
		};
		B2C9B8521954E4F1008C680E /* Color WheelTests */ = {
			isa = PBXNativeTarget;
			buildConfigurationList = B2C9B8601954E4F1008C680E /* Build configuration list for PBXNativeTarget "Color WheelTests" */;
			buildPhases = (
				B2C9B84F1954E4F1008C680E /* Sources */,
				B2C9B8501954E4F1008C680E /* Frameworks */,
				B2C9B8511954E4F1008C680E /* Resources */,
			);
			buildRules = (
			);
			dependencies = (
				B2C9B8551954E4F1008C680E /* PBXTargetDependency */,
			);
			name = "Color WheelTests";
			productName = "Color WheelTests";
			productReference = B2C9B8531954E4F1008C680E /* Color WheelTests.xctest */;
			productType = "com.apple.product-type.bundle.unit-test";
		};
/* End PBXNativeTarget section */

/* Begin PBXProject section */
		B2C9B8351954E4F0008C680E /* Project object */ = {
			isa = PBXProject;
			attributes = {
				LastUpgradeCheck = 0600;
				ORGANIZATIONNAME = "Grace Kendall";
				TargetAttributes = {
					B2C9B83C1954E4F0008C680E = {
						CreatedOnToolsVersion = 6.0;
					};
					B2C9B8521954E4F1008C680E = {
						CreatedOnToolsVersion = 6.0;
						TestTargetID = B2C9B83C1954E4F0008C680E;
					};
				};
			};
			buildConfigurationList = B2C9B8381954E4F0008C680E /* Build configuration list for PBXProject "Color Wheel" */;
			compatibilityVersion = "Xcode 3.2";
			developmentRegion = English;
			hasScannedForEncodings = 0;
			knownRegions = (
				en,
				Base,
			);
			mainGroup = B2C9B8341954E4F0008C680E;
			productRefGroup = B2C9B83E1954E4F0008C680E /* Products */;
			projectDirPath = "";
			projectRoot = "";
			targets = (
				B2C9B83C1954E4F0008C680E /* Color Wheel */,
				B2C9B8521954E4F1008C680E /* Color WheelTests */,
			);
		};
/* End PBXProject section */

/* Begin PBXResourcesBuildPhase section */
		B2C9B83B1954E4F0008C680E /* Resources */ = {
			isa = PBXResourcesBuildPhase;
			buildActionMask = 2147483647;
			files = (
				B2C9B84C1954E4F0008C680E /* Main.storyboard in Resources */,
				B2C9B84E1954E4F0008C680E /* Images.xcassets in Resources */,
			);
			runOnlyForDeploymentPostprocessing = 0;
		};
		B2C9B8511954E4F1008C680E /* Resources */ = {
			isa = PBXResourcesBuildPhase;
			buildActionMask = 2147483647;
			files = (
			);
			runOnlyForDeploymentPostprocessing = 0;
		};
/* End PBXResourcesBuildPhase section */

/* Begin PBXSourcesBuildPhase section */
		B2C9B8391954E4F0008C680E /* Sources */ = {
			isa = PBXSourcesBuildPhase;
			buildActionMask = 2147483647;
			files = (
				B2C9B8491954E4F0008C680E /* ViewController.m in Sources */,
				B2C9B8461954E4F0008C680E /* AppDelegate.m in Sources */,
				B2C9B8431954E4F0008C680E /* main.m in Sources */,
			);
			runOnlyForDeploymentPostprocessing = 0;
		};
		B2C9B84F1954E4F1008C680E /* Sources */ = {
			isa = PBXSourcesBuildPhase;
			buildActionMask = 2147483647;
			files = (
				B2C9B85A1954E4F1008C680E /* Color_WheelTests.m in Sources */,
			);
			runOnlyForDeploymentPostprocessing = 0;
		};
/* End PBXSourcesBuildPhase section */

/* Begin PBXTargetDependency section */
		B2C9B8551954E4F1008C680E /* PBXTargetDependency */ = {
			isa = PBXTargetDependency;
			target = B2C9B83C1954E4F0008C680E /* Color Wheel */;
			targetProxy = B2C9B8541954E4F1008C680E /* PBXContainerItemProxy */;
		};
/* End PBXTargetDependency section */

/* Begin PBXVariantGroup section */
		B2C9B84A1954E4F0008C680E /* Main.storyboard */ = {
			isa = PBXVariantGroup;
			children = (
				B2C9B84B1954E4F0008C680E /* Base */,
			);
			name = Main.storyboard;
			sourceTree = "<group>";
		};
/* End PBXVariantGroup section */

/* Begin XCBuildConfiguration section */
		B2C9B85B1954E4F1008C680E /* Debug */ = {
			isa = XCBuildConfiguration;
			buildSettings = {
				ALWAYS_SEARCH_USER_PATHS = NO;
				CLANG_CXX_LANGUAGE_STANDARD = "gnu++0x";
				CLANG_CXX_LIBRARY = "libc++";
				CLANG_ENABLE_MODULES = YES;
				CLANG_ENABLE_OBJC_ARC = YES;
				CLANG_WARN_BOOL_CONVERSION = YES;
				CLANG_WARN_CONSTANT_CONVERSION = YES;
				CLANG_WARN_DIRECT_OBJC_ISA_USAGE = YES_ERROR;
				CLANG_WARN_EMPTY_BODY = YES;
				CLANG_WARN_ENUM_CONVERSION = YES;
				CLANG_WARN_INT_CONVERSION = YES;
				CLANG_WARN_OBJC_ROOT_CLASS = YES_ERROR;
				CLANG_WARN_UNREACHABLE_CODE = YES;
				CLANG_WARN__DUPLICATE_METHOD_MATCH = YES;
				"CODE_SIGN_IDENTITY[sdk=iphoneos*]" = "iPhone Developer";
				COPY_PHASE_STRIP = NO;
				ENABLE_STRICT_OBJC_MSGSEND = YES;
				GCC_C_LANGUAGE_STANDARD = gnu99;
				GCC_DYNAMIC_NO_PIC = NO;
				GCC_OPTIMIZATION_LEVEL = 0;
				GCC_PREPROCESSOR_DEFINITIONS = (
					"DEBUG=1",
					"$(inherited)",
				);
				GCC_SYMBOLS_PRIVATE_EXTERN = NO;
				GCC_WARN_64_TO_32_BIT_CONVERSION = YES;
				GCC_WARN_ABOUT_RETURN_TYPE = YES_ERROR;
				GCC_WARN_UNDECLARED_SELECTOR = YES;
				GCC_WARN_UNINITIALIZED_AUTOS = YES_AGGRESSIVE;
				GCC_WARN_UNUSED_FUNCTION = YES;
				GCC_WARN_UNUSED_VARIABLE = YES;
				IPHONEOS_DEPLOYMENT_TARGET = 8.0;
				METAL_ENABLE_DEBUG_INFO = YES;
				ONLY_ACTIVE_ARCH = YES;
				SDKROOT = iphoneos;
			};
			name = Debug;
		};
		B2C9B85C1954E4F1008C680E /* Release */ = {
			isa = XCBuildConfiguration;
			buildSettings = {
				ALWAYS_SEARCH_USER_PATHS = NO;
				CLANG_CXX_LANGUAGE_STANDARD = "gnu++0x";
				CLANG_CXX_LIBRARY = "libc++";
				CLANG_ENABLE_MODULES = YES;
				CLANG_ENABLE_OBJC_ARC = YES;
				CLANG_WARN_BOOL_CONVERSION = YES;
				CLANG_WARN_CONSTANT_CONVERSION = YES;
				CLANG_WARN_DIRECT_OBJC_ISA_USAGE = YES_ERROR;
				CLANG_WARN_EMPTY_BODY = YES;
				CLANG_WARN_ENUM_CONVERSION = YES;
				CLANG_WARN_INT_CONVERSION = YES;
				CLANG_WARN_OBJC_ROOT_CLASS = YES_ERROR;
				CLANG_WARN_UNREACHABLE_CODE = YES;
				CLANG_WARN__DUPLICATE_METHOD_MATCH = YES;
				"CODE_SIGN_IDENTITY[sdk=iphoneos*]" = "iPhone Developer";
				COPY_PHASE_STRIP = YES;
				ENABLE_NS_ASSERTIONS = NO;
				ENABLE_STRICT_OBJC_MSGSEND = YES;
				GCC_C_LANGUAGE_STANDARD = gnu99;
				GCC_WARN_64_TO_32_BIT_CONVERSION = YES;
				GCC_WARN_ABOUT_RETURN_TYPE = YES_ERROR;
				GCC_WARN_UNDECLARED_SELECTOR = YES;
				GCC_WARN_UNINITIALIZED_AUTOS = YES_AGGRESSIVE;
				GCC_WARN_UNUSED_FUNCTION = YES;
				GCC_WARN_UNUSED_VARIABLE = YES;
				IPHONEOS_DEPLOYMENT_TARGET = 8.0;
				METAL_ENABLE_DEBUG_INFO = NO;
				SDKROOT = iphoneos;
				VALIDATE_PRODUCT = YES;
			};
			name = Release;
		};
		B2C9B85E1954E4F1008C680E /* Debug */ = {
			isa = XCBuildConfiguration;
			buildSettings = {
				ASSETCATALOG_COMPILER_APPICON_NAME = AppIcon;
				ASSETCATALOG_COMPILER_LAUNCHIMAGE_NAME = LaunchImage;
				INFOPLIST_FILE = "Color Wheel/Info.plist";
				LD_RUNPATH_SEARCH_PATHS = "$(inherited) @executable_path/Frameworks";
				PRODUCT_NAME = "$(TARGET_NAME)";
			};
			name = Debug;
		};
		B2C9B85F1954E4F1008C680E /* Release */ = {
			isa = XCBuildConfiguration;
			buildSettings = {
				ASSETCATALOG_COMPILER_APPICON_NAME = AppIcon;
				ASSETCATALOG_COMPILER_LAUNCHIMAGE_NAME = LaunchImage;
				INFOPLIST_FILE = "Color Wheel/Info.plist";
				LD_RUNPATH_SEARCH_PATHS = "$(inherited) @executable_path/Frameworks";
				PRODUCT_NAME = "$(TARGET_NAME)";
			};
			name = Release;
		};
		B2C9B8611954E4F1008C680E /* Debug */ = {
			isa = XCBuildConfiguration;
			buildSettings = {
				BUNDLE_LOADER = "$(BUILT_PRODUCTS_DIR)/Color Wheel.app/Color Wheel";
				FRAMEWORK_SEARCH_PATHS = (
					"$(SDKROOT)/Developer/Library/Frameworks",
					"$(inherited)",
				);
				GCC_PREPROCESSOR_DEFINITIONS = (
					"DEBUG=1",
					"$(inherited)",
				);
				INFOPLIST_FILE = "Color WheelTests/Info.plist";
				LD_RUNPATH_SEARCH_PATHS = "$(inherited) @executable_path/Frameworks @loader_path/Frameworks";
				METAL_ENABLE_DEBUG_INFO = YES;
				PRODUCT_NAME = "$(TARGET_NAME)";
				TEST_HOST = "$(BUNDLE_LOADER)";
			};
			name = Debug;
		};
		B2C9B8621954E4F1008C680E /* Release */ = {
			isa = XCBuildConfiguration;
			buildSettings = {
				BUNDLE_LOADER = "$(BUILT_PRODUCTS_DIR)/Color Wheel.app/Color Wheel";
				FRAMEWORK_SEARCH_PATHS = (
					"$(SDKROOT)/Developer/Library/Frameworks",
					"$(inherited)",
				);
				INFOPLIST_FILE = "Color WheelTests/Info.plist";
				LD_RUNPATH_SEARCH_PATHS = "$(inherited) @executable_path/Frameworks @loader_path/Frameworks";
				METAL_ENABLE_DEBUG_INFO = NO;
				PRODUCT_NAME = "$(TARGET_NAME)";
				TEST_HOST = "$(BUNDLE_LOADER)";
			};
			name = Release;
		};
/* End XCBuildConfiguration section */

/* Begin XCConfigurationList section */
		B2C9B8381954E4F0008C680E /* Build configuration list for PBXProject "Color Wheel" */ = {
			isa = XCConfigurationList;
			buildConfigurations = (
				B2C9B85B1954E4F1008C680E /* Debug */,
				B2C9B85C1954E4F1008C680E /* Release */,
			);
			defaultConfigurationIsVisible = 0;
			defaultConfigurationName = Release;
		};
		B2C9B85D1954E4F1008C680E /* Build configuration list for PBXNativeTarget "Color Wheel" */ = {
			isa = XCConfigurationList;
			buildConfigurations = (
				B2C9B85E1954E4F1008C680E /* Debug */,
				B2C9B85F1954E4F1008C680E /* Release */,
			);
			defaultConfigurationIsVisible = 0;
		};
		B2C9B8601954E4F1008C680E /* Build configuration list for PBXNativeTarget "Color WheelTests" */ = {
			isa = XCConfigurationList;
			buildConfigurations = (
				B2C9B8611954E4F1008C680E /* Debug */,
				B2C9B8621954E4F1008C680E /* Release */,
			);
			defaultConfigurationIsVisible = 0;
		};
/* End XCConfigurationList section */
	};
	rootObject = B2C9B8351954E4F0008C680E /* Project object */;
}
